// !$*UTF8*$!
{
	archiveVersion = 1;
	classes = {
	};
	objectVersion = 56;
	objects = {

/* Begin PBXBuildFile section */
		31086DBD2A9507AC00A24AFD /* Firebase_TestApp.swift in Sources */ = {isa = PBXBuildFile; fileRef = 31086DBC2A9507AC00A24AFD /* Firebase_TestApp.swift */; };
		31086DBF2A9507AC00A24AFD /* ContentView.swift in Sources */ = {isa = PBXBuildFile; fileRef = 31086DBE2A9507AC00A24AFD /* ContentView.swift */; };
		31086DC12A9507AD00A24AFD /* Assets.xcassets in Resources */ = {isa = PBXBuildFile; fileRef = 31086DC02A9507AD00A24AFD /* Assets.xcassets */; };
		31086DC42A9507AD00A24AFD /* Preview Assets.xcassets in Resources */ = {isa = PBXBuildFile; fileRef = 31086DC32A9507AD00A24AFD /* Preview Assets.xcassets */; };
		31086DCB2A95083100A24AFD /* GoogleService-Info.plist in Resources */ = {isa = PBXBuildFile; fileRef = 31086DCA2A95083100A24AFD /* GoogleService-Info.plist */; };
		31086DCE2A9508F700A24AFD /* FirebaseAnalyticsWithoutAdIdSupport in Frameworks */ = {isa = PBXBuildFile; productRef = 31086DCD2A9508F700A24AFD /* FirebaseAnalyticsWithoutAdIdSupport */; };
		31086DD02A9508F700A24AFD /* FirebaseDatabase in Frameworks */ = {isa = PBXBuildFile; productRef = 31086DCF2A9508F700A24AFD /* FirebaseDatabase */; };
		31086DD22A9508F700A24AFD /* FirebaseDatabaseSwift in Frameworks */ = {isa = PBXBuildFile; productRef = 31086DD12A9508F700A24AFD /* FirebaseDatabaseSwift */; };
		31086DD42A9508F700A24AFD /* FirebaseFirestore in Frameworks */ = {isa = PBXBuildFile; productRef = 31086DD32A9508F700A24AFD /* FirebaseFirestore */; };
		31086DD62A9508F700A24AFD /* FirebaseFirestoreSwift in Frameworks */ = {isa = PBXBuildFile; productRef = 31086DD52A9508F700A24AFD /* FirebaseFirestoreSwift */; };
		31086DD82A950A6500A24AFD /* CarStore.swift in Sources */ = {isa = PBXBuildFile; fileRef = 31086DD72A950A6500A24AFD /* CarStore.swift */; };
		31086DDA2A950A9A00A24AFD /* CarDetailView.swift in Sources */ = {isa = PBXBuildFile; fileRef = 31086DD92A950A9A00A24AFD /* CarDetailView.swift */; };
		31086DDC2A950ABF00A24AFD /* AddNewCarView.swift in Sources */ = {isa = PBXBuildFile; fileRef = 31086DDB2A950ABF00A24AFD /* AddNewCarView.swift */; };
		31086DDE2A950AE700A24AFD /* EditCarView.swift in Sources */ = {isa = PBXBuildFile; fileRef = 31086DDD2A950AE700A24AFD /* EditCarView.swift */; };
		31086DE02A950B5D00A24AFD /* Car.swift in Sources */ = {isa = PBXBuildFile; fileRef = 31086DDF2A950B5D00A24AFD /* Car.swift */; };
/* End PBXBuildFile section */

/* Begin PBXFileReference section */
		31086DB92A9507AC00A24AFD /* Firebase_Test.app */ = {isa = PBXFileReference; explicitFileType = wrapper.application; includeInIndex = 0; path = Firebase_Test.app; sourceTree = BUILT_PRODUCTS_DIR; };
		31086DBC2A9507AC00A24AFD /* Firebase_TestApp.swift */ = {isa = PBXFileReference; lastKnownFileType = sourcecode.swift; path = Firebase_TestApp.swift; sourceTree = "<group>"; };
		31086DBE2A9507AC00A24AFD /* ContentView.swift */ = {isa = PBXFileReference; lastKnownFileType = sourcecode.swift; path = ContentView.swift; sourceTree = "<group>"; };
		31086DC02A9507AD00A24AFD /* Assets.xcassets */ = {isa = PBXFileReference; lastKnownFileType = folder.assetcatalog; path = Assets.xcassets; sourceTree = "<group>"; };
		31086DC32A9507AD00A24AFD /* Preview Assets.xcassets */ = {isa = PBXFileReference; lastKnownFileType = folder.assetcatalog; path = "Preview Assets.xcassets"; sourceTree = "<group>"; };
		31086DCA2A95083100A24AFD /* GoogleService-Info.plist */ = {isa = PBXFileReference; fileEncoding = 4; lastKnownFileType = text.plist.xml; path = "GoogleService-Info.plist"; sourceTree = "<group>"; };
		31086DD72A950A6500A24AFD /* CarStore.swift */ = {isa = PBXFileReference; lastKnownFileType = sourcecode.swift; path = CarStore.swift; sourceTree = "<group>"; };
		31086DD92A950A9A00A24AFD /* CarDetailView.swift */ = {isa = PBXFileReference; lastKnownFileType = sourcecode.swift; path = CarDetailView.swift; sourceTree = "<group>"; };
		31086DDB2A950ABF00A24AFD /* AddNewCarView.swift */ = {isa = PBXFileReference; lastKnownFileType = sourcecode.swift; path = AddNewCarView.swift; sourceTree = "<group>"; };
		31086DDD2A950AE700A24AFD /* EditCarView.swift */ = {isa = PBXFileReference; lastKnownFileType = sourcecode.swift; path = EditCarView.swift; sourceTree = "<group>"; };
		31086DDF2A950B5D00A24AFD /* Car.swift */ = {isa = PBXFileReference; lastKnownFileType = sourcecode.swift; path = Car.swift; sourceTree = "<group>"; };
/* End PBXFileReference section */

/* Begin PBXFrameworksBuildPhase section */
		31086DB62A9507AC00A24AFD /* Frameworks */ = {
			isa = PBXFrameworksBuildPhase;
			buildActionMask = 2147483647;
			files = (
				31086DD62A9508F700A24AFD /* FirebaseFirestoreSwift in Frameworks */,
				31086DD22A9508F700A24AFD /* FirebaseDatabaseSwift in Frameworks */,
				31086DD42A9508F700A24AFD /* FirebaseFirestore in Frameworks */,
				31086DD02A9508F700A24AFD /* FirebaseDatabase in Frameworks */,
				31086DCE2A9508F700A24AFD /* FirebaseAnalyticsWithoutAdIdSupport in Frameworks */,
			);
			runOnlyForDeploymentPostprocessing = 0;
		};
/* End PBXFrameworksBuildPhase section */

/* Begin PBXGroup section */
		31086DB02A9507AC00A24AFD = {
			isa = PBXGroup;
			children = (
				31086DBB2A9507AC00A24AFD /* Firebase_Test */,
				31086DBA2A9507AC00A24AFD /* Products */,
			);
			sourceTree = "<group>";
		};
		31086DBA2A9507AC00A24AFD /* Products */ = {
			isa = PBXGroup;
			children = (
				31086DB92A9507AC00A24AFD /* Firebase_Test.app */,
			);
			name = Products;
			sourceTree = "<group>";
		};
		31086DBB2A9507AC00A24AFD /* Firebase_Test */ = {
			isa = PBXGroup;
			children = (
				31086DDF2A950B5D00A24AFD /* Car.swift */,
				31086DDD2A950AE700A24AFD /* EditCarView.swift */,
				31086DDB2A950ABF00A24AFD /* AddNewCarView.swift */,
				31086DD92A950A9A00A24AFD /* CarDetailView.swift */,
				31086DD72A950A6500A24AFD /* CarStore.swift */,
				31086DBC2A9507AC00A24AFD /* Firebase_TestApp.swift */,
				31086DBE2A9507AC00A24AFD /* ContentView.swift */,
				31086DCA2A95083100A24AFD /* GoogleService-Info.plist */,
				31086DC02A9507AD00A24AFD /* Assets.xcassets */,
				31086DC22A9507AD00A24AFD /* Preview Content */,
			);
			path = Firebase_Test;
			sourceTree = "<group>";
		};
		31086DC22A9507AD00A24AFD /* Preview Content */ = {
			isa = PBXGroup;
			children = (
				31086DC32A9507AD00A24AFD /* Preview Assets.xcassets */,
			);
			path = "Preview Content";
			sourceTree = "<group>";
		};
/* End PBXGroup section */

/* Begin PBXNativeTarget section */
		31086DB82A9507AC00A24AFD /* Firebase_Test */ = {
			isa = PBXNativeTarget;
			buildConfigurationList = 31086DC72A9507AD00A24AFD /* Build configuration list for PBXNativeTarget "Firebase_Test" */;
			buildPhases = (
				31086DB52A9507AC00A24AFD /* Sources */,
				31086DB62A9507AC00A24AFD /* Frameworks */,
				31086DB72A9507AC00A24AFD /* Resources */,
			);
			buildRules = (
			);
			dependencies = (
			);
			name = Firebase_Test;
			packageProductDependencies = (
				31086DCD2A9508F700A24AFD /* FirebaseAnalyticsWithoutAdIdSupport */,
				31086DCF2A9508F700A24AFD /* FirebaseDatabase */,
				31086DD12A9508F700A24AFD /* FirebaseDatabaseSwift */,
				31086DD32A9508F700A24AFD /* FirebaseFirestore */,
				31086DD52A9508F700A24AFD /* FirebaseFirestoreSwift */,
			);
			productName = Firebase_Test;
			productReference = 31086DB92A9507AC00A24AFD /* Firebase_Test.app */;
			productType = "com.apple.product-type.application";
		};
/* End PBXNativeTarget section */

/* Begin PBXProject section */
		31086DB12A9507AC00A24AFD /* Project object */ = {
			isa = PBXProject;
			attributes = {
				BuildIndependentTargetsInParallel = 1;
				LastSwiftUpdateCheck = 1430;
				LastUpgradeCheck = 1430;
				TargetAttributes = {
					31086DB82A9507AC00A24AFD = {
						CreatedOnToolsVersion = 14.3.1;
					};
				};
			};
			buildConfigurationList = 31086DB42A9507AC00A24AFD /* Build configuration list for PBXProject "Firebase_Test" */;
			compatibilityVersion = "Xcode 14.0";
			developmentRegion = en;
			hasScannedForEncodings = 0;
			knownRegions = (
				en,
				Base,
			);
			mainGroup = 31086DB02A9507AC00A24AFD;
			packageReferences = (
				31086DCC2A9508F700A24AFD /* XCRemoteSwiftPackageReference "firebase-ios-sdk" */,
			);
			productRefGroup = 31086DBA2A9507AC00A24AFD /* Products */;
			projectDirPath = "";
			projectRoot = "";
			targets = (
				31086DB82A9507AC00A24AFD /* Firebase_Test */,
			);
		};
/* End PBXProject section */

/* Begin PBXResourcesBuildPhase section */
		31086DB72A9507AC00A24AFD /* Resources */ = {
			isa = PBXResourcesBuildPhase;
			buildActionMask = 2147483647;
			files = (
				31086DC42A9507AD00A24AFD /* Preview Assets.xcassets in Resources */,
				31086DC12A9507AD00A24AFD /* Assets.xcassets in Resources */,
				31086DCB2A95083100A24AFD /* GoogleService-Info.plist in Resources */,
			);
			runOnlyForDeploymentPostprocessing = 0;
		};
/* End PBXResourcesBuildPhase section */

/* Begin PBXSourcesBuildPhase section */
		31086DB52A9507AC00A24AFD /* Sources */ = {
			isa = PBXSourcesBuildPhase;
			buildActionMask = 2147483647;
			files = (
				31086DBF2A9507AC00A24AFD /* ContentView.swift in Sources */,
				31086DD82A950A6500A24AFD /* CarStore.swift in Sources */,
				31086DDA2A950A9A00A24AFD /* CarDetailView.swift in Sources */,
				31086DDE2A950AE700A24AFD /* EditCarView.swift in Sources */,
				31086DDC2A950ABF00A24AFD /* AddNewCarView.swift in Sources */,
				31086DE02A950B5D00A24AFD /* Car.swift in Sources */,
				31086DBD2A9507AC00A24AFD /* Firebase_TestApp.swift in Sources */,
			);
			runOnlyForDeploymentPostprocessing = 0;
		};
/* End PBXSourcesBuildPhase section */

/* Begin XCBuildConfiguration section */
		31086DC52A9507AD00A24AFD /* Debug */ = {
			isa = XCBuildConfiguration;
			buildSettings = {
				ALWAYS_SEARCH_USER_PATHS = NO;
				CLANG_ANALYZER_NONNULL = YES;
				CLANG_ANALYZER_NUMBER_OBJECT_CONVERSION = YES_AGGRESSIVE;
				CLANG_CXX_LANGUAGE_STANDARD = "gnu++20";
				CLANG_ENABLE_MODULES = YES;
				CLANG_ENABLE_OBJC_ARC = YES;
				CLANG_ENABLE_OBJC_WEAK = YES;
				CLANG_WARN_BLOCK_CAPTURE_AUTORELEASING = YES;
				CLANG_WARN_BOOL_CONVERSION = YES;
				CLANG_WARN_COMMA = YES;
				CLANG_WARN_CONSTANT_CONVERSION = YES;
				CLANG_WARN_DEPRECATED_OBJC_IMPLEMENTATIONS = YES;
				CLANG_WARN_DIRECT_OBJC_ISA_USAGE = YES_ERROR;
				CLANG_WARN_DOCUMENTATION_COMMENTS = YES;
				CLANG_WARN_EMPTY_BODY = YES;
				CLANG_WARN_ENUM_CONVERSION = YES;
				CLANG_WARN_INFINITE_RECURSION = YES;
				CLANG_WARN_INT_CONVERSION = YES;
				CLANG_WARN_NON_LITERAL_NULL_CONVERSION = YES;
				CLANG_WARN_OBJC_IMPLICIT_RETAIN_SELF = YES;
				CLANG_WARN_OBJC_LITERAL_CONVERSION = YES;
				CLANG_WARN_OBJC_ROOT_CLASS = YES_ERROR;
				CLANG_WARN_QUOTED_INCLUDE_IN_FRAMEWORK_HEADER = YES;
				CLANG_WARN_RANGE_LOOP_ANALYSIS = YES;
				CLANG_WARN_STRICT_PROTOTYPES = YES;
				CLANG_WARN_SUSPICIOUS_MOVE = YES;
				CLANG_WARN_UNGUARDED_AVAILABILITY = YES_AGGRESSIVE;
				CLANG_WARN_UNREACHABLE_CODE = YES;
				CLANG_WARN__DUPLICATE_METHOD_MATCH = YES;
				COPY_PHASE_STRIP = NO;
				DEBUG_INFORMATION_FORMAT = dwarf;
				ENABLE_STRICT_OBJC_MSGSEND = YES;
				ENABLE_TESTABILITY = YES;
				GCC_C_LANGUAGE_STANDARD = gnu11;
				GCC_DYNAMIC_NO_PIC = NO;
				GCC_NO_COMMON_BLOCKS = YES;
				GCC_OPTIMIZATION_LEVEL = 0;
				GCC_PREPROCESSOR_DEFINITIONS = (
					"DEBUG=1",
					"$(inherited)",
				);
				GCC_WARN_64_TO_32_BIT_CONVERSION = YES;
				GCC_WARN_ABOUT_RETURN_TYPE = YES_ERROR;
				GCC_WARN_UNDECLARED_SELECTOR = YES;
				GCC_WARN_UNINITIALIZED_AUTOS = YES_AGGRESSIVE;
				GCC_WARN_UNUSED_FUNCTION = YES;
				GCC_WARN_UNUSED_VARIABLE = YES;
				IPHONEOS_DEPLOYMENT_TARGET = 16.4;
				MTL_ENABLE_DEBUG_INFO = INCLUDE_SOURCE;
				MTL_FAST_MATH = YES;
				ONLY_ACTIVE_ARCH = YES;
				SDKROOT = iphoneos;
				SWIFT_ACTIVE_COMPILATION_CONDITIONS = DEBUG;
				SWIFT_OPTIMIZATION_LEVEL = "-Onone";
			};
			name = Debug;
		};
		31086DC62A9507AD00A24AFD /* Release */ = {
			isa = XCBuildConfiguration;
			buildSettings = {
				ALWAYS_SEARCH_USER_PATHS = NO;
				CLANG_ANALYZER_NONNULL = YES;
				CLANG_ANALYZER_NUMBER_OBJECT_CONVERSION = YES_AGGRESSIVE;
				CLANG_CXX_LANGUAGE_STANDARD = "gnu++20";
				CLANG_ENABLE_MODULES = YES;
				CLANG_ENABLE_OBJC_ARC = YES;
				CLANG_ENABLE_OBJC_WEAK = YES;
				CLANG_WARN_BLOCK_CAPTURE_AUTORELEASING = YES;
				CLANG_WARN_BOOL_CONVERSION = YES;
				CLANG_WARN_COMMA = YES;
				CLANG_WARN_CONSTANT_CONVERSION = YES;
				CLANG_WARN_DEPRECATED_OBJC_IMPLEMENTATIONS = YES;
				CLANG_WARN_DIRECT_OBJC_ISA_USAGE = YES_ERROR;
				CLANG_WARN_DOCUMENTATION_COMMENTS = YES;
				CLANG_WARN_EMPTY_BODY = YES;
				CLANG_WARN_ENUM_CONVERSION = YES;
				CLANG_WARN_INFINITE_RECURSION = YES;
				CLANG_WARN_INT_CONVERSION = YES;
				CLANG_WARN_NON_LITERAL_NULL_CONVERSION = YES;
				CLANG_WARN_OBJC_IMPLICIT_RETAIN_SELF = YES;
				CLANG_WARN_OBJC_LITERAL_CONVERSION = YES;
				CLANG_WARN_OBJC_ROOT_CLASS = YES_ERROR;
				CLANG_WARN_QUOTED_INCLUDE_IN_FRAMEWORK_HEADER = YES;
				CLANG_WARN_RANGE_LOOP_ANALYSIS = YES;
				CLANG_WARN_STRICT_PROTOTYPES = YES;
				CLANG_WARN_SUSPICIOUS_MOVE = YES;
				CLANG_WARN_UNGUARDED_AVAILABILITY = YES_AGGRESSIVE;
				CLANG_WARN_UNREACHABLE_CODE = YES;
				CLANG_WARN__DUPLICATE_METHOD_MATCH = YES;
				COPY_PHASE_STRIP = NO;
				DEBUG_INFORMATION_FORMAT = "dwarf-with-dsym";
				ENABLE_NS_ASSERTIONS = NO;
				ENABLE_STRICT_OBJC_MSGSEND = YES;
				GCC_C_LANGUAGE_STANDARD = gnu11;
				GCC_NO_COMMON_BLOCKS = YES;
				GCC_WARN_64_TO_32_BIT_CONVERSION = YES;
				GCC_WARN_ABOUT_RETURN_TYPE = YES_ERROR;
				GCC_WARN_UNDECLARED_SELECTOR = YES;
				GCC_WARN_UNINITIALIZED_AUTOS = YES_AGGRESSIVE;
				GCC_WARN_UNUSED_FUNCTION = YES;
				GCC_WARN_UNUSED_VARIABLE = YES;
				IPHONEOS_DEPLOYMENT_TARGET = 16.4;
				MTL_ENABLE_DEBUG_INFO = NO;
				MTL_FAST_MATH = YES;
				SDKROOT = iphoneos;
				SWIFT_COMPILATION_MODE = wholemodule;
				SWIFT_OPTIMIZATION_LEVEL = "-O";
				VALIDATE_PRODUCT = YES;
			};
			name = Release;
		};
		31086DC82A9507AD00A24AFD /* Debug */ = {
			isa = XCBuildConfiguration;
			buildSettings = {
				ASSETCATALOG_COMPILER_APPICON_NAME = AppIcon;
				ASSETCATALOG_COMPILER_GLOBAL_ACCENT_COLOR_NAME = AccentColor;
				CODE_SIGN_STYLE = Automatic;
				CURRENT_PROJECT_VERSION = 1;
				DEVELOPMENT_ASSET_PATHS = "\"Firebase_Test/Preview Content\"";
				ENABLE_PREVIEWS = YES;
				GENERATE_INFOPLIST_FILE = YES;
				INFOPLIST_KEY_UIApplicationSceneManifest_Generation = YES;
				INFOPLIST_KEY_UIApplicationSupportsIndirectInputEvents = YES;
				INFOPLIST_KEY_UILaunchScreen_Generation = YES;
				INFOPLIST_KEY_UISupportedInterfaceOrientations_iPad = "UIInterfaceOrientationPortrait UIInterfaceOrientationPortraitUpsideDown UIInterfaceOrientationLandscapeLeft UIInterfaceOrientationLandscapeRight";
				INFOPLIST_KEY_UISupportedInterfaceOrientations_iPhone = "UIInterfaceOrientationPortrait UIInterfaceOrientationLandscapeLeft UIInterfaceOrientationLandscapeRight";
				LD_RUNPATH_SEARCH_PATHS = (
					"$(inherited)",
					"@executable_path/Frameworks",
				);
				MARKETING_VERSION = 1.0;
				PRODUCT_BUNDLE_IDENTIFIER = "com.Firebase-Test.www";
				PRODUCT_NAME = "$(TARGET_NAME)";
				SWIFT_EMIT_LOC_STRINGS = YES;
				SWIFT_VERSION = 5.0;
				TARGETED_DEVICE_FAMILY = "1,2";
			};
			name = Debug;
		};
		31086DC92A9507AD00A24AFD /* Release */ = {
			isa = XCBuildConfiguration;
			buildSettings = {
				ASSETCATALOG_COMPILER_APPICON_NAME = AppIcon;
				ASSETCATALOG_COMPILER_GLOBAL_ACCENT_COLOR_NAME = AccentColor;
				CODE_SIGN_STYLE = Automatic;
				CURRENT_PROJECT_VERSION = 1;
				DEVELOPMENT_ASSET_PATHS = "\"Firebase_Test/Preview Content\"";
				ENABLE_PREVIEWS = YES;
				GENERATE_INFOPLIST_FILE = YES;
				INFOPLIST_KEY_UIApplicationSceneManifest_Generation = YES;
				INFOPLIST_KEY_UIApplicationSupportsIndirectInputEvents = YES;
				INFOPLIST_KEY_UILaunchScreen_Generation = YES;
				INFOPLIST_KEY_UISupportedInterfaceOrientations_iPad = "UIInterfaceOrientationPortrait UIInterfaceOrientationPortraitUpsideDown UIInterfaceOrientationLandscapeLeft UIInterfaceOrientationLandscapeRight";
				INFOPLIST_KEY_UISupportedInterfaceOrientations_iPhone = "UIInterfaceOrientationPortrait UIInterfaceOrientationLandscapeLeft UIInterfaceOrientationLandscapeRight";
				LD_RUNPATH_SEARCH_PATHS = (
					"$(inherited)",
					"@executable_path/Frameworks",
				);
				MARKETING_VERSION = 1.0;
				PRODUCT_BUNDLE_IDENTIFIER = "com.Firebase-Test.www";
				PRODUCT_NAME = "$(TARGET_NAME)";
				SWIFT_EMIT_LOC_STRINGS = YES;
				SWIFT_VERSION = 5.0;
				TARGETED_DEVICE_FAMILY = "1,2";
			};
			name = Release;
		};
/* End XCBuildConfiguration section */

/* Begin XCConfigurationList section */
		31086DB42A9507AC00A24AFD /* Build configuration list for PBXProject "Firebase_Test" */ = {
			isa = XCConfigurationList;
			buildConfigurations = (
				31086DC52A9507AD00A24AFD /* Debug */,
				31086DC62A9507AD00A24AFD /* Release */,
			);
			defaultConfigurationIsVisible = 0;
			defaultConfigurationName = Release;
		};
		31086DC72A9507AD00A24AFD /* Build configuration list for PBXNativeTarget "Firebase_Test" */ = {
			isa = XCConfigurationList;
			buildConfigurations = (
				31086DC82A9507AD00A24AFD /* Debug */,
				31086DC92A9507AD00A24AFD /* Release */,
			);
			defaultConfigurationIsVisible = 0;
			defaultConfigurationName = Release;
		};
/* End XCConfigurationList section */

/* Begin XCRemoteSwiftPackageReference section */
		31086DCC2A9508F700A24AFD /* XCRemoteSwiftPackageReference "firebase-ios-sdk" */ = {
			isa = XCRemoteSwiftPackageReference;
			repositoryURL = "https://github.com/firebase/firebase-ios-sdk";
			requirement = {
				kind = upToNextMajorVersion;
				minimumVersion = 10.0.0;
			};
		};
/* End XCRemoteSwiftPackageReference section */

/* Begin XCSwiftPackageProductDependency section */
		31086DCD2A9508F700A24AFD /* FirebaseAnalyticsWithoutAdIdSupport */ = {
			isa = XCSwiftPackageProductDependency;
			package = 31086DCC2A9508F700A24AFD /* XCRemoteSwiftPackageReference "firebase-ios-sdk" */;
			productName = FirebaseAnalyticsWithoutAdIdSupport;
		};
		31086DCF2A9508F700A24AFD /* FirebaseDatabase */ = {
			isa = XCSwiftPackageProductDependency;
			package = 31086DCC2A9508F700A24AFD /* XCRemoteSwiftPackageReference "firebase-ios-sdk" */;
			productName = FirebaseDatabase;
		};
		31086DD12A9508F700A24AFD /* FirebaseDatabaseSwift */ = {
			isa = XCSwiftPackageProductDependency;
			package = 31086DCC2A9508F700A24AFD /* XCRemoteSwiftPackageReference "firebase-ios-sdk" */;
			productName = FirebaseDatabaseSwift;
		};
		31086DD32A9508F700A24AFD /* FirebaseFirestore */ = {
			isa = XCSwiftPackageProductDependency;
			package = 31086DCC2A9508F700A24AFD /* XCRemoteSwiftPackageReference "firebase-ios-sdk" */;
			productName = FirebaseFirestore;
		};
		31086DD52A9508F700A24AFD /* FirebaseFirestoreSwift */ = {
			isa = XCSwiftPackageProductDependency;
			package = 31086DCC2A9508F700A24AFD /* XCRemoteSwiftPackageReference "firebase-ios-sdk" */;
			productName = FirebaseFirestoreSwift;
		};
/* End XCSwiftPackageProductDependency section */
	};
	rootObject = 31086DB12A9507AC00A24AFD /* Project object */;
}
