// !$*UTF8*$!
{
	archiveVersion = 1;
	classes = {
	};
	objectVersion = 56;
	objects = {

/* Begin PBXBuildFile section */
		31B6A3332A8B0334002680B5 /* App_StartApp.swift in Sources */ = {isa = PBXBuildFile; fileRef = 31B6A3322A8B0334002680B5 /* App_StartApp.swift */; };
		31B6A3352A8B0334002680B5 /* ContentView.swift in Sources */ = {isa = PBXBuildFile; fileRef = 31B6A3342A8B0334002680B5 /* ContentView.swift */; };
		31B6A3372A8B0335002680B5 /* Assets.xcassets in Resources */ = {isa = PBXBuildFile; fileRef = 31B6A3362A8B0335002680B5 /* Assets.xcassets */; };
		31B6A33A2A8B0335002680B5 /* Preview Assets.xcassets in Resources */ = {isa = PBXBuildFile; fileRef = 31B6A3392A8B0335002680B5 /* Preview Assets.xcassets */; };
		31B6A3442A8B0335002680B5 /* App_StartTests.swift in Sources */ = {isa = PBXBuildFile; fileRef = 31B6A3432A8B0335002680B5 /* App_StartTests.swift */; };
		31B6A34E2A8B0335002680B5 /* App_StartUITests.swift in Sources */ = {isa = PBXBuildFile; fileRef = 31B6A34D2A8B0335002680B5 /* App_StartUITests.swift */; };
		31B6A3502A8B0335002680B5 /* App_StartUITestsLaunchTests.swift in Sources */ = {isa = PBXBuildFile; fileRef = 31B6A34F2A8B0335002680B5 /* App_StartUITestsLaunchTests.swift */; };
		31B6A35D2A8B04BD002680B5 /* DetailViewController.swift in Sources */ = {isa = PBXBuildFile; fileRef = 31B6A35C2A8B04BD002680B5 /* DetailViewController.swift */; };
		31B6A36C2A8B1627002680B5 /* UserModelBasicView.swift in Sources */ = {isa = PBXBuildFile; fileRef = 31B6A36B2A8B1627002680B5 /* UserModelBasicView.swift */; };
		31B6A36E2A8B1694002680B5 /* UserModel.swift in Sources */ = {isa = PBXBuildFile; fileRef = 31B6A36D2A8B1694002680B5 /* UserModel.swift */; };
		31B6A3702A8B1E5D002680B5 /* FruitModel.swift in Sources */ = {isa = PBXBuildFile; fileRef = 31B6A36F2A8B1E5D002680B5 /* FruitModel.swift */; };
		31B6A3722A8B1EC7002680B5 /* FruitViewModel.swift in Sources */ = {isa = PBXBuildFile; fileRef = 31B6A3712A8B1EC7002680B5 /* FruitViewModel.swift */; };
		31B6A3742A8B216C002680B5 /* FruitBasicView.swift in Sources */ = {isa = PBXBuildFile; fileRef = 31B6A3732A8B216C002680B5 /* FruitBasicView.swift */; };
		31B6A3762A8B2995002680B5 /* IOSDeviceModel.swift in Sources */ = {isa = PBXBuildFile; fileRef = 31B6A3752A8B2995002680B5 /* IOSDeviceModel.swift */; };
		31B6A3782A8B29EC002680B5 /* IOSDeviceViewModel.swift in Sources */ = {isa = PBXBuildFile; fileRef = 31B6A3772A8B29EC002680B5 /* IOSDeviceViewModel.swift */; };
		31B6A37A2A8B2ABF002680B5 /* IOSDeviceView1.swift in Sources */ = {isa = PBXBuildFile; fileRef = 31B6A3792A8B2ABF002680B5 /* IOSDeviceView1.swift */; };
		31B6A37C2A8B2B4B002680B5 /* IOSDeviceView2.swift in Sources */ = {isa = PBXBuildFile; fileRef = 31B6A37B2A8B2B4B002680B5 /* IOSDeviceView2.swift */; };
		31B6A37E2A8B2CE1002680B5 /* IOSDeviceView3.swift in Sources */ = {isa = PBXBuildFile; fileRef = 31B6A37D2A8B2CE1002680B5 /* IOSDeviceView3.swift */; };
		31B6A3802A8B48EA002680B5 /* AppStorageBasic.swift in Sources */ = {isa = PBXBuildFile; fileRef = 31B6A37F2A8B48EA002680B5 /* AppStorageBasic.swift */; };
/* End PBXBuildFile section */

/* Begin PBXContainerItemProxy section */
		31B6A3402A8B0335002680B5 /* PBXContainerItemProxy */ = {
			isa = PBXContainerItemProxy;
			containerPortal = 31B6A3272A8B0334002680B5 /* Project object */;
			proxyType = 1;
			remoteGlobalIDString = 31B6A32E2A8B0334002680B5;
			remoteInfo = App_Start;
		};
		31B6A34A2A8B0335002680B5 /* PBXContainerItemProxy */ = {
			isa = PBXContainerItemProxy;
			containerPortal = 31B6A3272A8B0334002680B5 /* Project object */;
			proxyType = 1;
			remoteGlobalIDString = 31B6A32E2A8B0334002680B5;
			remoteInfo = App_Start;
		};
/* End PBXContainerItemProxy section */

/* Begin PBXFileReference section */
		31B6A32F2A8B0334002680B5 /* App_Start.app */ = {isa = PBXFileReference; explicitFileType = wrapper.application; includeInIndex = 0; path = App_Start.app; sourceTree = BUILT_PRODUCTS_DIR; };
		31B6A3322A8B0334002680B5 /* App_StartApp.swift */ = {isa = PBXFileReference; lastKnownFileType = sourcecode.swift; path = App_StartApp.swift; sourceTree = "<group>"; };
		31B6A3342A8B0334002680B5 /* ContentView.swift */ = {isa = PBXFileReference; lastKnownFileType = sourcecode.swift; path = ContentView.swift; sourceTree = "<group>"; };
		31B6A3362A8B0335002680B5 /* Assets.xcassets */ = {isa = PBXFileReference; lastKnownFileType = folder.assetcatalog; path = Assets.xcassets; sourceTree = "<group>"; };
		31B6A3392A8B0335002680B5 /* Preview Assets.xcassets */ = {isa = PBXFileReference; lastKnownFileType = folder.assetcatalog; path = "Preview Assets.xcassets"; sourceTree = "<group>"; };
		31B6A33F2A8B0335002680B5 /* App_StartTests.xctest */ = {isa = PBXFileReference; explicitFileType = wrapper.cfbundle; includeInIndex = 0; path = App_StartTests.xctest; sourceTree = BUILT_PRODUCTS_DIR; };
		31B6A3432A8B0335002680B5 /* App_StartTests.swift */ = {isa = PBXFileReference; lastKnownFileType = sourcecode.swift; path = App_StartTests.swift; sourceTree = "<group>"; };
		31B6A3492A8B0335002680B5 /* App_StartUITests.xctest */ = {isa = PBXFileReference; explicitFileType = wrapper.cfbundle; includeInIndex = 0; path = App_StartUITests.xctest; sourceTree = BUILT_PRODUCTS_DIR; };
		31B6A34D2A8B0335002680B5 /* App_StartUITests.swift */ = {isa = PBXFileReference; lastKnownFileType = sourcecode.swift; path = App_StartUITests.swift; sourceTree = "<group>"; };
		31B6A34F2A8B0335002680B5 /* App_StartUITestsLaunchTests.swift */ = {isa = PBXFileReference; lastKnownFileType = sourcecode.swift; path = App_StartUITestsLaunchTests.swift; sourceTree = "<group>"; };
		31B6A35C2A8B04BD002680B5 /* DetailViewController.swift */ = {isa = PBXFileReference; lastKnownFileType = sourcecode.swift; path = DetailViewController.swift; sourceTree = "<group>"; };
		31B6A36B2A8B1627002680B5 /* UserModelBasicView.swift */ = {isa = PBXFileReference; lastKnownFileType = sourcecode.swift; path = UserModelBasicView.swift; sourceTree = "<group>"; };
		31B6A36D2A8B1694002680B5 /* UserModel.swift */ = {isa = PBXFileReference; lastKnownFileType = sourcecode.swift; path = UserModel.swift; sourceTree = "<group>"; };
		31B6A36F2A8B1E5D002680B5 /* FruitModel.swift */ = {isa = PBXFileReference; lastKnownFileType = sourcecode.swift; path = FruitModel.swift; sourceTree = "<group>"; };
		31B6A3712A8B1EC7002680B5 /* FruitViewModel.swift */ = {isa = PBXFileReference; lastKnownFileType = sourcecode.swift; path = FruitViewModel.swift; sourceTree = "<group>"; };
		31B6A3732A8B216C002680B5 /* FruitBasicView.swift */ = {isa = PBXFileReference; lastKnownFileType = sourcecode.swift; path = FruitBasicView.swift; sourceTree = "<group>"; };
		31B6A3752A8B2995002680B5 /* IOSDeviceModel.swift */ = {isa = PBXFileReference; lastKnownFileType = sourcecode.swift; path = IOSDeviceModel.swift; sourceTree = "<group>"; };
		31B6A3772A8B29EC002680B5 /* IOSDeviceViewModel.swift */ = {isa = PBXFileReference; lastKnownFileType = sourcecode.swift; path = IOSDeviceViewModel.swift; sourceTree = "<group>"; };
		31B6A3792A8B2ABF002680B5 /* IOSDeviceView1.swift */ = {isa = PBXFileReference; lastKnownFileType = sourcecode.swift; path = IOSDeviceView1.swift; sourceTree = "<group>"; };
		31B6A37B2A8B2B4B002680B5 /* IOSDeviceView2.swift */ = {isa = PBXFileReference; lastKnownFileType = sourcecode.swift; path = IOSDeviceView2.swift; sourceTree = "<group>"; };
		31B6A37D2A8B2CE1002680B5 /* IOSDeviceView3.swift */ = {isa = PBXFileReference; lastKnownFileType = sourcecode.swift; path = IOSDeviceView3.swift; sourceTree = "<group>"; };
		31B6A37F2A8B48EA002680B5 /* AppStorageBasic.swift */ = {isa = PBXFileReference; lastKnownFileType = sourcecode.swift; path = AppStorageBasic.swift; sourceTree = "<group>"; };
/* End PBXFileReference section */

/* Begin PBXFrameworksBuildPhase section */
		31B6A32C2A8B0334002680B5 /* Frameworks */ = {
			isa = PBXFrameworksBuildPhase;
			buildActionMask = 2147483647;
			files = (
			);
			runOnlyForDeploymentPostprocessing = 0;
		};
		31B6A33C2A8B0335002680B5 /* Frameworks */ = {
			isa = PBXFrameworksBuildPhase;
			buildActionMask = 2147483647;
			files = (
			);
			runOnlyForDeploymentPostprocessing = 0;
		};
		31B6A3462A8B0335002680B5 /* Frameworks */ = {
			isa = PBXFrameworksBuildPhase;
			buildActionMask = 2147483647;
			files = (
			);
			runOnlyForDeploymentPostprocessing = 0;
		};
/* End PBXFrameworksBuildPhase section */

/* Begin PBXGroup section */
		31B6A3262A8B0334002680B5 = {
			isa = PBXGroup;
			children = (
				31B6A3312A8B0334002680B5 /* App_Start */,
				31B6A35E2A8B1408002680B5 /* MVVM */,
				31B6A3422A8B0335002680B5 /* App_StartTests */,
				31B6A34C2A8B0335002680B5 /* App_StartUITests */,
				31B6A3302A8B0334002680B5 /* Products */,
			);
			sourceTree = "<group>";
		};
		31B6A3302A8B0334002680B5 /* Products */ = {
			isa = PBXGroup;
			children = (
				31B6A32F2A8B0334002680B5 /* App_Start.app */,
				31B6A33F2A8B0335002680B5 /* App_StartTests.xctest */,
				31B6A3492A8B0335002680B5 /* App_StartUITests.xctest */,
			);
			name = Products;
			sourceTree = "<group>";
		};
		31B6A3312A8B0334002680B5 /* App_Start */ = {
			isa = PBXGroup;
			children = (
				31B6A37F2A8B48EA002680B5 /* AppStorageBasic.swift */,
				31B6A3342A8B0334002680B5 /* ContentView.swift */,
				31B6A3322A8B0334002680B5 /* App_StartApp.swift */,
				31B6A3362A8B0335002680B5 /* Assets.xcassets */,
				31B6A3382A8B0335002680B5 /* Preview Content */,
			);
			path = App_Start;
			sourceTree = "<group>";
		};
		31B6A3382A8B0335002680B5 /* Preview Content */ = {
			isa = PBXGroup;
			children = (
				31B6A3392A8B0335002680B5 /* Preview Assets.xcassets */,
			);
			path = "Preview Content";
			sourceTree = "<group>";
		};
		31B6A3422A8B0335002680B5 /* App_StartTests */ = {
			isa = PBXGroup;
			children = (
				31B6A3432A8B0335002680B5 /* App_StartTests.swift */,
			);
			path = App_StartTests;
			sourceTree = "<group>";
		};
		31B6A34C2A8B0335002680B5 /* App_StartUITests */ = {
			isa = PBXGroup;
			children = (
				31B6A34D2A8B0335002680B5 /* App_StartUITests.swift */,
				31B6A35C2A8B04BD002680B5 /* DetailViewController.swift */,
				31B6A34F2A8B0335002680B5 /* App_StartUITestsLaunchTests.swift */,
			);
			path = App_StartUITests;
			sourceTree = "<group>";
		};
		31B6A35E2A8B1408002680B5 /* MVVM */ = {
			isa = PBXGroup;
			children = (
				31B6A3612A8B1443002680B5 /* ViewModel */,
				31B6A3602A8B143C002680B5 /* Model */,
				31B6A35F2A8B1430002680B5 /* View */,
			);
			path = MVVM;
			sourceTree = "<group>";
		};
		31B6A35F2A8B1430002680B5 /* View */ = {
			isa = PBXGroup;
			children = (
				31B6A36B2A8B1627002680B5 /* UserModelBasicView.swift */,
				31B6A3732A8B216C002680B5 /* FruitBasicView.swift */,
				31B6A3792A8B2ABF002680B5 /* IOSDeviceView1.swift */,
				31B6A37B2A8B2B4B002680B5 /* IOSDeviceView2.swift */,
				31B6A37D2A8B2CE1002680B5 /* IOSDeviceView3.swift */,
			);
			path = View;
			sourceTree = "<group>";
		};
		31B6A3602A8B143C002680B5 /* Model */ = {
			isa = PBXGroup;
			children = (
				31B6A36D2A8B1694002680B5 /* UserModel.swift */,
				31B6A36F2A8B1E5D002680B5 /* FruitModel.swift */,
				31B6A3752A8B2995002680B5 /* IOSDeviceModel.swift */,
			);
			path = Model;
			sourceTree = "<group>";
		};
		31B6A3612A8B1443002680B5 /* ViewModel */ = {
			isa = PBXGroup;
			children = (
				31B6A3712A8B1EC7002680B5 /* FruitViewModel.swift */,
				31B6A3772A8B29EC002680B5 /* IOSDeviceViewModel.swift */,
			);
			path = ViewModel;
			sourceTree = "<group>";
		};
/* End PBXGroup section */

/* Begin PBXNativeTarget section */
		31B6A32E2A8B0334002680B5 /* App_Start */ = {
			isa = PBXNativeTarget;
			buildConfigurationList = 31B6A3532A8B0335002680B5 /* Build configuration list for PBXNativeTarget "App_Start" */;
			buildPhases = (
				31B6A32B2A8B0334002680B5 /* Sources */,
				31B6A32C2A8B0334002680B5 /* Frameworks */,
				31B6A32D2A8B0334002680B5 /* Resources */,
			);
			buildRules = (
			);
			dependencies = (
			);
			name = App_Start;
			productName = App_Start;
			productReference = 31B6A32F2A8B0334002680B5 /* App_Start.app */;
			productType = "com.apple.product-type.application";
		};
		31B6A33E2A8B0335002680B5 /* App_StartTests */ = {
			isa = PBXNativeTarget;
			buildConfigurationList = 31B6A3562A8B0335002680B5 /* Build configuration list for PBXNativeTarget "App_StartTests" */;
			buildPhases = (
				31B6A33B2A8B0335002680B5 /* Sources */,
				31B6A33C2A8B0335002680B5 /* Frameworks */,
				31B6A33D2A8B0335002680B5 /* Resources */,
			);
			buildRules = (
			);
			dependencies = (
				31B6A3412A8B0335002680B5 /* PBXTargetDependency */,
			);
			name = App_StartTests;
			productName = App_StartTests;
			productReference = 31B6A33F2A8B0335002680B5 /* App_StartTests.xctest */;
			productType = "com.apple.product-type.bundle.unit-test";
		};
		31B6A3482A8B0335002680B5 /* App_StartUITests */ = {
			isa = PBXNativeTarget;
			buildConfigurationList = 31B6A3592A8B0335002680B5 /* Build configuration list for PBXNativeTarget "App_StartUITests" */;
			buildPhases = (
				31B6A3452A8B0335002680B5 /* Sources */,
				31B6A3462A8B0335002680B5 /* Frameworks */,
				31B6A3472A8B0335002680B5 /* Resources */,
			);
			buildRules = (
			);
			dependencies = (
				31B6A34B2A8B0335002680B5 /* PBXTargetDependency */,
			);
			name = App_StartUITests;
			productName = App_StartUITests;
			productReference = 31B6A3492A8B0335002680B5 /* App_StartUITests.xctest */;
			productType = "com.apple.product-type.bundle.ui-testing";
		};
/* End PBXNativeTarget section */

/* Begin PBXProject section */
		31B6A3272A8B0334002680B5 /* Project object */ = {
			isa = PBXProject;
			attributes = {
				BuildIndependentTargetsInParallel = 1;
				LastSwiftUpdateCheck = 1430;
				LastUpgradeCheck = 1430;
				TargetAttributes = {
					31B6A32E2A8B0334002680B5 = {
						CreatedOnToolsVersion = 14.3.1;
					};
					31B6A33E2A8B0335002680B5 = {
						CreatedOnToolsVersion = 14.3.1;
						TestTargetID = 31B6A32E2A8B0334002680B5;
					};
					31B6A3482A8B0335002680B5 = {
						CreatedOnToolsVersion = 14.3.1;
						TestTargetID = 31B6A32E2A8B0334002680B5;
					};
				};
			};
			buildConfigurationList = 31B6A32A2A8B0334002680B5 /* Build configuration list for PBXProject "App_Start" */;
			compatibilityVersion = "Xcode 14.0";
			developmentRegion = en;
			hasScannedForEncodings = 0;
			knownRegions = (
				en,
				Base,
			);
			mainGroup = 31B6A3262A8B0334002680B5;
			productRefGroup = 31B6A3302A8B0334002680B5 /* Products */;
			projectDirPath = "";
			projectRoot = "";
			targets = (
				31B6A32E2A8B0334002680B5 /* App_Start */,
				31B6A33E2A8B0335002680B5 /* App_StartTests */,
				31B6A3482A8B0335002680B5 /* App_StartUITests */,
			);
		};
/* End PBXProject section */

/* Begin PBXResourcesBuildPhase section */
		31B6A32D2A8B0334002680B5 /* Resources */ = {
			isa = PBXResourcesBuildPhase;
			buildActionMask = 2147483647;
			files = (
				31B6A33A2A8B0335002680B5 /* Preview Assets.xcassets in Resources */,
				31B6A3372A8B0335002680B5 /* Assets.xcassets in Resources */,
			);
			runOnlyForDeploymentPostprocessing = 0;
		};
		31B6A33D2A8B0335002680B5 /* Resources */ = {
			isa = PBXResourcesBuildPhase;
			buildActionMask = 2147483647;
			files = (
			);
			runOnlyForDeploymentPostprocessing = 0;
		};
		31B6A3472A8B0335002680B5 /* Resources */ = {
			isa = PBXResourcesBuildPhase;
			buildActionMask = 2147483647;
			files = (
			);
			runOnlyForDeploymentPostprocessing = 0;
		};
/* End PBXResourcesBuildPhase section */

/* Begin PBXSourcesBuildPhase section */
		31B6A32B2A8B0334002680B5 /* Sources */ = {
			isa = PBXSourcesBuildPhase;
			buildActionMask = 2147483647;
			files = (
				31B6A37E2A8B2CE1002680B5 /* IOSDeviceView3.swift in Sources */,
				31B6A3352A8B0334002680B5 /* ContentView.swift in Sources */,
				31B6A3722A8B1EC7002680B5 /* FruitViewModel.swift in Sources */,
				31B6A3332A8B0334002680B5 /* App_StartApp.swift in Sources */,
				31B6A3802A8B48EA002680B5 /* AppStorageBasic.swift in Sources */,
				31B6A3782A8B29EC002680B5 /* IOSDeviceViewModel.swift in Sources */,
				31B6A37C2A8B2B4B002680B5 /* IOSDeviceView2.swift in Sources */,
				31B6A3762A8B2995002680B5 /* IOSDeviceModel.swift in Sources */,
				31B6A3702A8B1E5D002680B5 /* FruitModel.swift in Sources */,
				31B6A37A2A8B2ABF002680B5 /* IOSDeviceView1.swift in Sources */,
				31B6A3742A8B216C002680B5 /* FruitBasicView.swift in Sources */,
				31B6A36E2A8B1694002680B5 /* UserModel.swift in Sources */,
				31B6A36C2A8B1627002680B5 /* UserModelBasicView.swift in Sources */,
			);
			runOnlyForDeploymentPostprocessing = 0;
		};
		31B6A33B2A8B0335002680B5 /* Sources */ = {
			isa = PBXSourcesBuildPhase;
			buildActionMask = 2147483647;
			files = (
				31B6A3442A8B0335002680B5 /* App_StartTests.swift in Sources */,
			);
			runOnlyForDeploymentPostprocessing = 0;
		};
		31B6A3452A8B0335002680B5 /* Sources */ = {
			isa = PBXSourcesBuildPhase;
			buildActionMask = 2147483647;
			files = (
				31B6A35D2A8B04BD002680B5 /* DetailViewController.swift in Sources */,
				31B6A34E2A8B0335002680B5 /* App_StartUITests.swift in Sources */,
				31B6A3502A8B0335002680B5 /* App_StartUITestsLaunchTests.swift in Sources */,
			);
			runOnlyForDeploymentPostprocessing = 0;
		};
/* End PBXSourcesBuildPhase section */

/* Begin PBXTargetDependency section */
		31B6A3412A8B0335002680B5 /* PBXTargetDependency */ = {
			isa = PBXTargetDependency;
			target = 31B6A32E2A8B0334002680B5 /* App_Start */;
			targetProxy = 31B6A3402A8B0335002680B5 /* PBXContainerItemProxy */;
		};
		31B6A34B2A8B0335002680B5 /* PBXTargetDependency */ = {
			isa = PBXTargetDependency;
			target = 31B6A32E2A8B0334002680B5 /* App_Start */;
			targetProxy = 31B6A34A2A8B0335002680B5 /* PBXContainerItemProxy */;
		};
/* End PBXTargetDependency section */

/* Begin XCBuildConfiguration section */
		31B6A3512A8B0335002680B5 /* Debug */ = {
			isa = XCBuildConfiguration;
			buildSettings = {
				ALWAYS_SEARCH_USER_PATHS = NO;
				CLANG_ANALYZER_NONNULL = YES;
				CLANG_ANALYZER_NUMBER_OBJECT_CONVERSION = YES_AGGRESSIVE;
				CLANG_CXX_LANGUAGE_STANDARD = "gnu++20";
				CLANG_ENABLE_MODULES = YES;
				CLANG_ENABLE_OBJC_ARC = YES;
				CLANG_ENABLE_OBJC_WEAK = YES;
				CLANG_WARN_BLOCK_CAPTURE_AUTORELEASING = YES;
				CLANG_WARN_BOOL_CONVERSION = YES;
				CLANG_WARN_COMMA = YES;
				CLANG_WARN_CONSTANT_CONVERSION = YES;
				CLANG_WARN_DEPRECATED_OBJC_IMPLEMENTATIONS = YES;
				CLANG_WARN_DIRECT_OBJC_ISA_USAGE = YES_ERROR;
				CLANG_WARN_DOCUMENTATION_COMMENTS = YES;
				CLANG_WARN_EMPTY_BODY = YES;
				CLANG_WARN_ENUM_CONVERSION = YES;
				CLANG_WARN_INFINITE_RECURSION = YES;
				CLANG_WARN_INT_CONVERSION = YES;
				CLANG_WARN_NON_LITERAL_NULL_CONVERSION = YES;
				CLANG_WARN_OBJC_IMPLICIT_RETAIN_SELF = YES;
				CLANG_WARN_OBJC_LITERAL_CONVERSION = YES;
				CLANG_WARN_OBJC_ROOT_CLASS = YES_ERROR;
				CLANG_WARN_QUOTED_INCLUDE_IN_FRAMEWORK_HEADER = YES;
				CLANG_WARN_RANGE_LOOP_ANALYSIS = YES;
				CLANG_WARN_STRICT_PROTOTYPES = YES;
				CLANG_WARN_SUSPICIOUS_MOVE = YES;
				CLANG_WARN_UNGUARDED_AVAILABILITY = YES_AGGRESSIVE;
				CLANG_WARN_UNREACHABLE_CODE = YES;
				CLANG_WARN__DUPLICATE_METHOD_MATCH = YES;
				COPY_PHASE_STRIP = NO;
				DEBUG_INFORMATION_FORMAT = dwarf;
				ENABLE_STRICT_OBJC_MSGSEND = YES;
				ENABLE_TESTABILITY = YES;
				GCC_C_LANGUAGE_STANDARD = gnu11;
				GCC_DYNAMIC_NO_PIC = NO;
				GCC_NO_COMMON_BLOCKS = YES;
				GCC_OPTIMIZATION_LEVEL = 0;
				GCC_PREPROCESSOR_DEFINITIONS = (
					"DEBUG=1",
					"$(inherited)",
				);
				GCC_WARN_64_TO_32_BIT_CONVERSION = YES;
				GCC_WARN_ABOUT_RETURN_TYPE = YES_ERROR;
				GCC_WARN_UNDECLARED_SELECTOR = YES;
				GCC_WARN_UNINITIALIZED_AUTOS = YES_AGGRESSIVE;
				GCC_WARN_UNUSED_FUNCTION = YES;
				GCC_WARN_UNUSED_VARIABLE = YES;
				IPHONEOS_DEPLOYMENT_TARGET = 16.4;
				MTL_ENABLE_DEBUG_INFO = INCLUDE_SOURCE;
				MTL_FAST_MATH = YES;
				ONLY_ACTIVE_ARCH = YES;
				SDKROOT = iphoneos;
				SWIFT_ACTIVE_COMPILATION_CONDITIONS = DEBUG;
				SWIFT_OPTIMIZATION_LEVEL = "-Onone";
			};
			name = Debug;
		};
		31B6A3522A8B0335002680B5 /* Release */ = {
			isa = XCBuildConfiguration;
			buildSettings = {
				ALWAYS_SEARCH_USER_PATHS = NO;
				CLANG_ANALYZER_NONNULL = YES;
				CLANG_ANALYZER_NUMBER_OBJECT_CONVERSION = YES_AGGRESSIVE;
				CLANG_CXX_LANGUAGE_STANDARD = "gnu++20";
				CLANG_ENABLE_MODULES = YES;
				CLANG_ENABLE_OBJC_ARC = YES;
				CLANG_ENABLE_OBJC_WEAK = YES;
				CLANG_WARN_BLOCK_CAPTURE_AUTORELEASING = YES;
				CLANG_WARN_BOOL_CONVERSION = YES;
				CLANG_WARN_COMMA = YES;
				CLANG_WARN_CONSTANT_CONVERSION = YES;
				CLANG_WARN_DEPRECATED_OBJC_IMPLEMENTATIONS = YES;
				CLANG_WARN_DIRECT_OBJC_ISA_USAGE = YES_ERROR;
				CLANG_WARN_DOCUMENTATION_COMMENTS = YES;
				CLANG_WARN_EMPTY_BODY = YES;
				CLANG_WARN_ENUM_CONVERSION = YES;
				CLANG_WARN_INFINITE_RECURSION = YES;
				CLANG_WARN_INT_CONVERSION = YES;
				CLANG_WARN_NON_LITERAL_NULL_CONVERSION = YES;
				CLANG_WARN_OBJC_IMPLICIT_RETAIN_SELF = YES;
				CLANG_WARN_OBJC_LITERAL_CONVERSION = YES;
				CLANG_WARN_OBJC_ROOT_CLASS = YES_ERROR;
				CLANG_WARN_QUOTED_INCLUDE_IN_FRAMEWORK_HEADER = YES;
				CLANG_WARN_RANGE_LOOP_ANALYSIS = YES;
				CLANG_WARN_STRICT_PROTOTYPES = YES;
				CLANG_WARN_SUSPICIOUS_MOVE = YES;
				CLANG_WARN_UNGUARDED_AVAILABILITY = YES_AGGRESSIVE;
				CLANG_WARN_UNREACHABLE_CODE = YES;
				CLANG_WARN__DUPLICATE_METHOD_MATCH = YES;
				COPY_PHASE_STRIP = NO;
				DEBUG_INFORMATION_FORMAT = "dwarf-with-dsym";
				ENABLE_NS_ASSERTIONS = NO;
				ENABLE_STRICT_OBJC_MSGSEND = YES;
				GCC_C_LANGUAGE_STANDARD = gnu11;
				GCC_NO_COMMON_BLOCKS = YES;
				GCC_WARN_64_TO_32_BIT_CONVERSION = YES;
				GCC_WARN_ABOUT_RETURN_TYPE = YES_ERROR;
				GCC_WARN_UNDECLARED_SELECTOR = YES;
				GCC_WARN_UNINITIALIZED_AUTOS = YES_AGGRESSIVE;
				GCC_WARN_UNUSED_FUNCTION = YES;
				GCC_WARN_UNUSED_VARIABLE = YES;
				IPHONEOS_DEPLOYMENT_TARGET = 16.4;
				MTL_ENABLE_DEBUG_INFO = NO;
				MTL_FAST_MATH = YES;
				SDKROOT = iphoneos;
				SWIFT_COMPILATION_MODE = wholemodule;
				SWIFT_OPTIMIZATION_LEVEL = "-O";
				VALIDATE_PRODUCT = YES;
			};
			name = Release;
		};
		31B6A3542A8B0335002680B5 /* Debug */ = {
			isa = XCBuildConfiguration;
			buildSettings = {
				ASSETCATALOG_COMPILER_APPICON_NAME = AppIcon;
				ASSETCATALOG_COMPILER_GLOBAL_ACCENT_COLOR_NAME = AccentColor;
				CODE_SIGN_STYLE = Automatic;
				CURRENT_PROJECT_VERSION = 1;
				DEVELOPMENT_ASSET_PATHS = "\"App_Start/Preview Content\"";
				ENABLE_PREVIEWS = YES;
				GENERATE_INFOPLIST_FILE = YES;
				INFOPLIST_KEY_UIApplicationSceneManifest_Generation = YES;
				INFOPLIST_KEY_UIApplicationSupportsIndirectInputEvents = YES;
				INFOPLIST_KEY_UILaunchScreen_Generation = YES;
				INFOPLIST_KEY_UIStatusBarStyle = "";
				INFOPLIST_KEY_UISupportedInterfaceOrientations_iPad = "UIInterfaceOrientationPortrait UIInterfaceOrientationPortraitUpsideDown UIInterfaceOrientationLandscapeLeft UIInterfaceOrientationLandscapeRight";
				INFOPLIST_KEY_UISupportedInterfaceOrientations_iPhone = "UIInterfaceOrientationPortrait UIInterfaceOrientationLandscapeLeft UIInterfaceOrientationLandscapeRight";
				IPHONEOS_DEPLOYMENT_TARGET = 14.0;
				LD_RUNPATH_SEARCH_PATHS = (
					"$(inherited)",
					"@executable_path/Frameworks",
				);
				MARKETING_VERSION = 1.0;
				PRODUCT_BUNDLE_IDENTIFIER = "com.App-Start";
				PRODUCT_NAME = "$(TARGET_NAME)";
				SWIFT_EMIT_LOC_STRINGS = YES;
				SWIFT_VERSION = 5.0;
				TARGETED_DEVICE_FAMILY = "1,2";
			};
			name = Debug;
		};
		31B6A3552A8B0335002680B5 /* Release */ = {
			isa = XCBuildConfiguration;
			buildSettings = {
				ASSETCATALOG_COMPILER_APPICON_NAME = AppIcon;
				ASSETCATALOG_COMPILER_GLOBAL_ACCENT_COLOR_NAME = AccentColor;
				CODE_SIGN_STYLE = Automatic;
				CURRENT_PROJECT_VERSION = 1;
				DEVELOPMENT_ASSET_PATHS = "\"App_Start/Preview Content\"";
				ENABLE_PREVIEWS = YES;
				GENERATE_INFOPLIST_FILE = YES;
				INFOPLIST_KEY_UIApplicationSceneManifest_Generation = YES;
				INFOPLIST_KEY_UIApplicationSupportsIndirectInputEvents = YES;
				INFOPLIST_KEY_UILaunchScreen_Generation = YES;
				INFOPLIST_KEY_UIStatusBarStyle = "";
				INFOPLIST_KEY_UISupportedInterfaceOrientations_iPad = "UIInterfaceOrientationPortrait UIInterfaceOrientationPortraitUpsideDown UIInterfaceOrientationLandscapeLeft UIInterfaceOrientationLandscapeRight";
				INFOPLIST_KEY_UISupportedInterfaceOrientations_iPhone = "UIInterfaceOrientationPortrait UIInterfaceOrientationLandscapeLeft UIInterfaceOrientationLandscapeRight";
				IPHONEOS_DEPLOYMENT_TARGET = 14.0;
				LD_RUNPATH_SEARCH_PATHS = (
					"$(inherited)",
					"@executable_path/Frameworks",
				);
				MARKETING_VERSION = 1.0;
				PRODUCT_BUNDLE_IDENTIFIER = "com.App-Start";
				PRODUCT_NAME = "$(TARGET_NAME)";
				SWIFT_EMIT_LOC_STRINGS = YES;
				SWIFT_VERSION = 5.0;
				TARGETED_DEVICE_FAMILY = "1,2";
			};
			name = Release;
		};
		31B6A3572A8B0335002680B5 /* Debug */ = {
			isa = XCBuildConfiguration;
			buildSettings = {
				ALWAYS_EMBED_SWIFT_STANDARD_LIBRARIES = YES;
				BUNDLE_LOADER = "$(TEST_HOST)";
				CODE_SIGN_STYLE = Automatic;
				CURRENT_PROJECT_VERSION = 1;
				GENERATE_INFOPLIST_FILE = YES;
				IPHONEOS_DEPLOYMENT_TARGET = 16.4;
				MARKETING_VERSION = 1.0;
				PRODUCT_BUNDLE_IDENTIFIER = "com.App-StartTests";
				PRODUCT_NAME = "$(TARGET_NAME)";
				SWIFT_EMIT_LOC_STRINGS = NO;
				SWIFT_VERSION = 5.0;
				TARGETED_DEVICE_FAMILY = "1,2";
				TEST_HOST = "$(BUILT_PRODUCTS_DIR)/App_Start.app/$(BUNDLE_EXECUTABLE_FOLDER_PATH)/App_Start";
			};
			name = Debug;
		};
		31B6A3582A8B0335002680B5 /* Release */ = {
			isa = XCBuildConfiguration;
			buildSettings = {
				ALWAYS_EMBED_SWIFT_STANDARD_LIBRARIES = YES;
				BUNDLE_LOADER = "$(TEST_HOST)";
				CODE_SIGN_STYLE = Automatic;
				CURRENT_PROJECT_VERSION = 1;
				GENERATE_INFOPLIST_FILE = YES;
				IPHONEOS_DEPLOYMENT_TARGET = 16.4;
				MARKETING_VERSION = 1.0;
				PRODUCT_BUNDLE_IDENTIFIER = "com.App-StartTests";
				PRODUCT_NAME = "$(TARGET_NAME)";
				SWIFT_EMIT_LOC_STRINGS = NO;
				SWIFT_VERSION = 5.0;
				TARGETED_DEVICE_FAMILY = "1,2";
				TEST_HOST = "$(BUILT_PRODUCTS_DIR)/App_Start.app/$(BUNDLE_EXECUTABLE_FOLDER_PATH)/App_Start";
			};
			name = Release;
		};
		31B6A35A2A8B0335002680B5 /* Debug */ = {
			isa = XCBuildConfiguration;
			buildSettings = {
				ALWAYS_EMBED_SWIFT_STANDARD_LIBRARIES = YES;
				CODE_SIGN_STYLE = Automatic;
				CURRENT_PROJECT_VERSION = 1;
				GENERATE_INFOPLIST_FILE = YES;
				MARKETING_VERSION = 1.0;
				PRODUCT_BUNDLE_IDENTIFIER = "com.App-StartUITests";
				PRODUCT_NAME = "$(TARGET_NAME)";
				SWIFT_EMIT_LOC_STRINGS = NO;
				SWIFT_VERSION = 5.0;
				TARGETED_DEVICE_FAMILY = "1,2";
				TEST_TARGET_NAME = App_Start;
			};
			name = Debug;
		};
		31B6A35B2A8B0335002680B5 /* Release */ = {
			isa = XCBuildConfiguration;
			buildSettings = {
				ALWAYS_EMBED_SWIFT_STANDARD_LIBRARIES = YES;
				CODE_SIGN_STYLE = Automatic;
				CURRENT_PROJECT_VERSION = 1;
				GENERATE_INFOPLIST_FILE = YES;
				MARKETING_VERSION = 1.0;
				PRODUCT_BUNDLE_IDENTIFIER = "com.App-StartUITests";
				PRODUCT_NAME = "$(TARGET_NAME)";
				SWIFT_EMIT_LOC_STRINGS = NO;
				SWIFT_VERSION = 5.0;
				TARGETED_DEVICE_FAMILY = "1,2";
				TEST_TARGET_NAME = App_Start;
			};
			name = Release;
		};
/* End XCBuildConfiguration section */

/* Begin XCConfigurationList section */
		31B6A32A2A8B0334002680B5 /* Build configuration list for PBXProject "App_Start" */ = {
			isa = XCConfigurationList;
			buildConfigurations = (
				31B6A3512A8B0335002680B5 /* Debug */,
				31B6A3522A8B0335002680B5 /* Release */,
			);
			defaultConfigurationIsVisible = 0;
			defaultConfigurationName = Release;
		};
		31B6A3532A8B0335002680B5 /* Build configuration list for PBXNativeTarget "App_Start" */ = {
			isa = XCConfigurationList;
			buildConfigurations = (
				31B6A3542A8B0335002680B5 /* Debug */,
				31B6A3552A8B0335002680B5 /* Release */,
			);
			defaultConfigurationIsVisible = 0;
			defaultConfigurationName = Release;
		};
		31B6A3562A8B0335002680B5 /* Build configuration list for PBXNativeTarget "App_StartTests" */ = {
			isa = XCConfigurationList;
			buildConfigurations = (
				31B6A3572A8B0335002680B5 /* Debug */,
				31B6A3582A8B0335002680B5 /* Release */,
			);
			defaultConfigurationIsVisible = 0;
			defaultConfigurationName = Release;
		};
		31B6A3592A8B0335002680B5 /* Build configuration list for PBXNativeTarget "App_StartUITests" */ = {
			isa = XCConfigurationList;
			buildConfigurations = (
				31B6A35A2A8B0335002680B5 /* Debug */,
				31B6A35B2A8B0335002680B5 /* Release */,
			);
			defaultConfigurationIsVisible = 0;
			defaultConfigurationName = Release;
		};
/* End XCConfigurationList section */
	};
	rootObject = 31B6A3272A8B0334002680B5 /* Project object */;
}
